// !$*UTF8*$!
{
	archiveVersion = 1;
	classes = {
	};
	objectVersion = 77;
	objects = {

/* Begin PBXBuildFile section */
		D610DD8F2F3C5D070083F51A /* DGCharts in Frameworks */ = {isa = PBXBuildFile; productRef = D610DD8E2F3C5D070083F51A /* DGCharts */; };
		D67C6D8C2F2CCA91004ECCDB /* readme.md in Resources */ = {isa = PBXBuildFile; fileRef = D67C6D8B2F2CCA88004ECCDB /* readme.md */; };
		D6CFDEB92F84D17800F6419E /* UserNotifications.framework in Frameworks */ = {isa = PBXBuildFile; fileRef = D6CFDEB82F84D17800F6419E /* UserNotifications.framework */; };
		D6CFDEBB2F84D17800F6419E /* UserNotificationsUI.framework in Frameworks */ = {isa = PBXBuildFile; fileRef = D6CFDEBA2F84D17800F6419E /* UserNotificationsUI.framework */; };
		D6CFDEC52F84D17800F6419E /* WakeWellAlarmUI.appex in Embed Foundation Extensions */ = {isa = PBXBuildFile; fileRef = D6CFDEB62F84D17800F6419E /* WakeWellAlarmUI.appex */; settings = {ATTRIBUTES = (RemoveHeadersOnCopy, ); }; };
/* End PBXBuildFile section */

/* Begin PBXContainerItemProxy section */
		D6CFDEC32F84D17800F6419E /* PBXContainerItemProxy */ = {
			isa = PBXContainerItemProxy;
			containerPortal = D67C6D6B2F2CC9F4004ECCDB /* Project object */;
			proxyType = 1;
			remoteGlobalIDString = D6CFDEB52F84D17800F6419E;
			remoteInfo = WakeWellAlarmUI;
		};
/* End PBXContainerItemProxy section */

/* Begin PBXCopyFilesBuildPhase section */
		D6CFDECA2F84D17800F6419E /* Embed Foundation Extensions */ = {
			isa = PBXCopyFilesBuildPhase;
			buildActionMask = 2147483647;
			dstPath = "";
			dstSubfolderSpec = 13;
			files = (
				D6CFDEC52F84D17800F6419E /* WakeWellAlarmUI.appex in Embed Foundation Extensions */,
			);
			name = "Embed Foundation Extensions";
			runOnlyForDeploymentPostprocessing = 0;
		};
/* End PBXCopyFilesBuildPhase section */

/* Begin PBXFileReference section */
		D67C6D732F2CC9F4004ECCDB /* WakeWell.app */ = {isa = PBXFileReference; explicitFileType = wrapper.application; includeInIndex = 0; path = WakeWell.app; sourceTree = BUILT_PRODUCTS_DIR; };
		D67C6D8B2F2CCA88004ECCDB /* readme.md */ = {isa = PBXFileReference; lastKnownFileType = net.daringfireball.markdown; path = readme.md; sourceTree = "<group>"; };
		D6C5DC742F35C1C4002DE663 /* sounds_tab.xcodeproj */ = {isa = PBXFileReference; lastKnownFileType = "wrapper.pb-project"; path = sounds_tab.xcodeproj; sourceTree = "<group>"; };
		D6CFDEB62F84D17800F6419E /* WakeWellAlarmUI.appex */ = {isa = PBXFileReference; explicitFileType = "wrapper.app-extension"; includeInIndex = 0; path = WakeWellAlarmUI.appex; sourceTree = BUILT_PRODUCTS_DIR; };
		D6CFDEB82F84D17800F6419E /* UserNotifications.framework */ = {isa = PBXFileReference; lastKnownFileType = wrapper.framework; name = UserNotifications.framework; path = System/Library/Frameworks/UserNotifications.framework; sourceTree = SDKROOT; };
		D6CFDEBA2F84D17800F6419E /* UserNotificationsUI.framework */ = {isa = PBXFileReference; lastKnownFileType = wrapper.framework; name = UserNotificationsUI.framework; path = System/Library/Frameworks/UserNotificationsUI.framework; sourceTree = SDKROOT; };
/* End PBXFileReference section */

/* Begin PBXFileSystemSynchronizedBuildFileExceptionSet section */
		D67C6D852F2CC9F4004ECCDB /* Exceptions for "WakeWell" folder in "WakeWell" target */ = {
			isa = PBXFileSystemSynchronizedBuildFileExceptionSet;
			membershipExceptions = (
				features/Home/ViewModel/ActivitiesCollectionViewCell.xib,
				Info.plist,
			);
			target = D67C6D722F2CC9F4004ECCDB /* WakeWell */;
		};
		D6CFDEC92F84D17800F6419E /* Exceptions for "WakeWellAlarmUI" folder in "WakeWellAlarmUI" target */ = {
			isa = PBXFileSystemSynchronizedBuildFileExceptionSet;
			membershipExceptions = (
				Info.plist,
			);
			target = D6CFDEB52F84D17800F6419E /* WakeWellAlarmUI */;
		};
/* End PBXFileSystemSynchronizedBuildFileExceptionSet section */

/* Begin PBXFileSystemSynchronizedRootGroup section */
		D67C6D752F2CC9F4004ECCDB /* WakeWell */ = {
			isa = PBXFileSystemSynchronizedRootGroup;
			exceptions = (
				D67C6D852F2CC9F4004ECCDB /* Exceptions for "WakeWell" folder in "WakeWell" target */,
			);
			path = WakeWell;
			sourceTree = "<group>";
		};
		D6CFDEBC2F84D17800F6419E /* WakeWellAlarmUI */ = {
			isa = PBXFileSystemSynchronizedRootGroup;
			exceptions = (
				D6CFDEC92F84D17800F6419E /* Exceptions for "WakeWellAlarmUI" folder in "WakeWellAlarmUI" target */,
			);
			path = WakeWellAlarmUI;
			sourceTree = "<group>";
		};
/* End PBXFileSystemSynchronizedRootGroup section */

/* Begin PBXFrameworksBuildPhase section */
		D67C6D702F2CC9F4004ECCDB /* Frameworks */ = {
			isa = PBXFrameworksBuildPhase;
			buildActionMask = 2147483647;
			files = (
				D610DD8F2F3C5D070083F51A /* DGCharts in Frameworks */,
			);
			runOnlyForDeploymentPostprocessing = 0;
		};
		D6CFDEB32F84D17800F6419E /* Frameworks */ = {
			isa = PBXFrameworksBuildPhase;
			buildActionMask = 2147483647;
			files = (
				D6CFDEBB2F84D17800F6419E /* UserNotificationsUI.framework in Frameworks */,
				D6CFDEB92F84D17800F6419E /* UserNotifications.framework in Frameworks */,
			);
			runOnlyForDeploymentPostprocessing = 0;
		};
/* End PBXFrameworksBuildPhase section */

/* Begin PBXGroup section */
		D67C6D6A2F2CC9F4004ECCDB = {
			isa = PBXGroup;
			children = (
				D67C6D8B2F2CCA88004ECCDB /* readme.md */,
				D67C6D752F2CC9F4004ECCDB /* WakeWell */,
				D6CFDEBC2F84D17800F6419E /* WakeWellAlarmUI */,
				D6CFDEB72F84D17800F6419E /* Frameworks */,
				D67C6D742F2CC9F4004ECCDB /* Products */,
			);
			sourceTree = "<group>";
		};
		D67C6D742F2CC9F4004ECCDB /* Products */ = {
			isa = PBXGroup;
			children = (
				D67C6D732F2CC9F4004ECCDB /* WakeWell.app */,
				D6CFDEB62F84D17800F6419E /* WakeWellAlarmUI.appex */,
			);
			name = Products;
			sourceTree = "<group>";
		};
		D6C5DC762F35C1C4002DE663 /* Products */ = {
			isa = PBXGroup;
			children = (
			);
			name = Products;
			sourceTree = "<group>";
		};
		D6CFDEB72F84D17800F6419E /* Frameworks */ = {
			isa = PBXGroup;
			children = (
				D6CFDEB82F84D17800F6419E /* UserNotifications.framework */,
				D6CFDEBA2F84D17800F6419E /* UserNotificationsUI.framework */,
			);
			name = Frameworks;
			sourceTree = "<group>";
		};
/* End PBXGroup section */

/* Begin PBXNativeTarget section */
		D67C6D722F2CC9F4004ECCDB /* WakeWell */ = {
			isa = PBXNativeTarget;
			buildConfigurationList = D67C6D862F2CC9F4004ECCDB /* Build configuration list for PBXNativeTarget "WakeWell" */;
			buildPhases = (
				D67C6D6F2F2CC9F4004ECCDB /* Sources */,
				D67C6D702F2CC9F4004ECCDB /* Frameworks */,
				D67C6D712F2CC9F4004ECCDB /* Resources */,
				D6CFDECA2F84D17800F6419E /* Embed Foundation Extensions */,
			);
			buildRules = (
			);
			dependencies = (
				D6CFDEC42F84D17800F6419E /* PBXTargetDependency */,
			);
			fileSystemSynchronizedGroups = (
				D67C6D752F2CC9F4004ECCDB /* WakeWell */,
			);
			name = WakeWell;
			packageProductDependencies = (
				D610DD8E2F3C5D070083F51A /* DGCharts */,
			);
			productName = WakeWell;
			productReference = D67C6D732F2CC9F4004ECCDB /* WakeWell.app */;
			productType = "com.apple.product-type.application";
		};
		D6CFDEB52F84D17800F6419E /* WakeWellAlarmUI */ = {
			isa = PBXNativeTarget;
			buildConfigurationList = D6CFDEC62F84D17800F6419E /* Build configuration list for PBXNativeTarget "WakeWellAlarmUI" */;
			buildPhases = (
				D6CFDEB22F84D17800F6419E /* Sources */,
				D6CFDEB32F84D17800F6419E /* Frameworks */,
				D6CFDEB42F84D17800F6419E /* Resources */,
			);
			buildRules = (
			);
			dependencies = (
			);
			fileSystemSynchronizedGroups = (
				D6CFDEBC2F84D17800F6419E /* WakeWellAlarmUI */,
			);
			name = WakeWellAlarmUI;
			packageProductDependencies = (
			);
			productName = WakeWellAlarmUI;
			productReference = D6CFDEB62F84D17800F6419E /* WakeWellAlarmUI.appex */;
			productType = "com.apple.product-type.app-extension";
		};
/* End PBXNativeTarget section */

/* Begin PBXProject section */
		D67C6D6B2F2CC9F4004ECCDB /* Project object */ = {
			isa = PBXProject;
			attributes = {
				BuildIndependentTargetsInParallel = 1;
				LastSwiftUpdateCheck = 2620;
				LastUpgradeCheck = 2620;
				TargetAttributes = {
					D67C6D722F2CC9F4004ECCDB = {
						CreatedOnToolsVersion = 26.2;
					};
					D6CFDEB52F84D17800F6419E = {
						CreatedOnToolsVersion = 26.2;
					};
				};
			};
			buildConfigurationList = D67C6D6E2F2CC9F4004ECCDB /* Build configuration list for PBXProject "WakeWell" */;
			developmentRegion = en;
			hasScannedForEncodings = 0;
			knownRegions = (
				en,
				Base,
			);
			mainGroup = D67C6D6A2F2CC9F4004ECCDB;
			minimizedProjectReferenceProxies = 1;
			packageReferences = (
				D610DD8D2F3C5D070083F51A /* XCRemoteSwiftPackageReference "Charts" */,
			);
			preferredProjectObjectVersion = 77;
			productRefGroup = D67C6D742F2CC9F4004ECCDB /* Products */;
			projectDirPath = "";
			projectReferences = (
				{
					ProductGroup = D6C5DC762F35C1C4002DE663 /* Products */;
					ProjectRef = D6C5DC742F35C1C4002DE663 /* sounds_tab.xcodeproj */;
				},
			);
			projectRoot = "";
			targets = (
				D67C6D722F2CC9F4004ECCDB /* WakeWell */,
				D6CFDEB52F84D17800F6419E /* WakeWellAlarmUI */,
			);
		};
/* End PBXProject section */

/* Begin PBXResourcesBuildPhase section */
		D67C6D712F2CC9F4004ECCDB /* Resources */ = {
			isa = PBXResourcesBuildPhase;
			buildActionMask = 2147483647;
			files = (
				D67C6D8C2F2CCA91004ECCDB /* readme.md in Resources */,
			);
			runOnlyForDeploymentPostprocessing = 0;
		};
		D6CFDEB42F84D17800F6419E /* Resources */ = {
			isa = PBXResourcesBuildPhase;
			buildActionMask = 2147483647;
			files = (
			);
			runOnlyForDeploymentPostprocessing = 0;
		};
/* End PBXResourcesBuildPhase section */

/* Begin PBXSourcesBuildPhase section */
		D67C6D6F2F2CC9F4004ECCDB /* Sources */ = {
			isa = PBXSourcesBuildPhase;
			buildActionMask = 2147483647;
			files = (
			);
			runOnlyForDeploymentPostprocessing = 0;
		};
		D6CFDEB22F84D17800F6419E /* Sources */ = {
			isa = PBXSourcesBuildPhase;
			buildActionMask = 2147483647;
			files = (
			);
			runOnlyForDeploymentPostprocessing = 0;
		};
/* End PBXSourcesBuildPhase section */

/* Begin PBXTargetDependency section */
		D6CFDEC42F84D17800F6419E /* PBXTargetDependency */ = {
			isa = PBXTargetDependency;
			target = D6CFDEB52F84D17800F6419E /* WakeWellAlarmUI */;
			targetProxy = D6CFDEC32F84D17800F6419E /* PBXContainerItemProxy */;
		};
/* End PBXTargetDependency section */

/* Begin XCBuildConfiguration section */
		D67C6D872F2CC9F4004ECCDB /* Debug */ = {
			isa = XCBuildConfiguration;
			buildSettings = {
				ASSETCATALOG_COMPILER_APPICON_NAME = AppIcon;
				ASSETCATALOG_COMPILER_GLOBAL_ACCENT_COLOR_NAME = AccentColor;
				CODE_SIGN_ENTITLEMENTS = WakeWell/WakeWell.entitlements;
				CODE_SIGN_STYLE = Automatic;
				CURRENT_PROJECT_VERSION = 1;
				DEVELOPMENT_TEAM = M9H5XU96C6;
				GENERATE_INFOPLIST_FILE = YES;
				INFOPLIST_FILE = WakeWell/Info.plist;
				INFOPLIST_KEY_CFBundleDisplayName = "";
				INFOPLIST_KEY_LSApplicationCategoryType = "";
				INFOPLIST_KEY_NSHealthClinicalHealthRecordsShareUsageDescription = "This app needs to access health data";
				INFOPLIST_KEY_NSHealthShareUsageDescription = "This app needs to share the heath data";
				INFOPLIST_KEY_NSHealthUpdateUsageDescription = "This app needs update to heath data";
				INFOPLIST_KEY_NSHumanReadableCopyright = "";
				INFOPLIST_KEY_NSMainStoryboardFile = "";
				INFOPLIST_KEY_UIApplicationSupportsIndirectInputEvents = YES;
				INFOPLIST_KEY_UILaunchStoryboardName = LaunchScreen;
				INFOPLIST_KEY_UIMainStoryboardFile = Main;
				INFOPLIST_KEY_UISupportedInterfaceOrientations_iPad = "UIInterfaceOrientationPortrait UIInterfaceOrientationPortraitUpsideDown UIInterfaceOrientationLandscapeLeft UIInterfaceOrientationLandscapeRight";
				INFOPLIST_KEY_UISupportedInterfaceOrientations_iPhone = "UIInterfaceOrientationPortrait UIInterfaceOrientationLandscapeLeft UIInterfaceOrientationLandscapeRight";
				LD_RUNPATH_SEARCH_PATHS = (
					"$(inherited)",
					"@executable_path/Frameworks",
				);
				MARKETING_VERSION = 1.0;
				PRODUCT_BUNDLE_IDENTIFIER = com.paridhigoel.wakewell;
				PRODUCT_NAME = "$(TARGET_NAME)";
				STRING_CATALOG_GENERATE_SYMBOLS = YES;
				SWIFT_APPROACHABLE_CONCURRENCY = YES;
				SWIFT_DEFAULT_ACTOR_ISOLATION = MainActor;
				SWIFT_EMIT_LOC_STRINGS = YES;
				SWIFT_UPCOMING_FEATURE_MEMBER_IMPORT_VISIBILITY = YES;
				SWIFT_VERSION = 5.0;
				TARGETED_DEVICE_FAMILY = "1,2";
			};
			name = Debug;
		};
		D67C6D882F2CC9F4004ECCDB /* Release */ = {
			isa = XCBuildConfiguration;
			buildSettings = {
				ASSETCATALOG_COMPILER_APPICON_NAME = AppIcon;
				ASSETCATALOG_COMPILER_GLOBAL_ACCENT_COLOR_NAME = AccentColor;
				CODE_SIGN_ENTITLEMENTS = WakeWell/WakeWell.entitlements;
				CODE_SIGN_STYLE = Automatic;
				CURRENT_PROJECT_VERSION = 1;
				DEVELOPMENT_TEAM = M9H5XU96C6;
				GENERATE_INFOPLIST_FILE = YES;
				INFOPLIST_FILE = WakeWell/Info.plist;
				INFOPLIST_KEY_CFBundleDisplayName = "";
				INFOPLIST_KEY_LSApplicationCategoryType = "";
				INFOPLIST_KEY_NSHealthClinicalHealthRecordsShareUsageDescription = "This app needs to access health data";
				INFOPLIST_KEY_NSHealthShareUsageDescription = "This app needs to share the heath data";
				INFOPLIST_KEY_NSHealthUpdateUsageDescription = "This app needs update to heath data";
				INFOPLIST_KEY_NSHumanReadableCopyright = "";
				INFOPLIST_KEY_NSMainStoryboardFile = "";
				INFOPLIST_KEY_UIApplicationSupportsIndirectInputEvents = YES;
				INFOPLIST_KEY_UILaunchStoryboardName = LaunchScreen;
				INFOPLIST_KEY_UIMainStoryboardFile = Main;
				INFOPLIST_KEY_UISupportedInterfaceOrientations_iPad = "UIInterfaceOrientationPortrait UIInterfaceOrientationPortraitUpsideDown UIInterfaceOrientationLandscapeLeft UIInterfaceOrientationLandscapeRight";
				INFOPLIST_KEY_UISupportedInterfaceOrientations_iPhone = "UIInterfaceOrientationPortrait UIInterfaceOrientationLandscapeLeft UIInterfaceOrientationLandscapeRight";
				LD_RUNPATH_SEARCH_PATHS = (
					"$(inherited)",
					"@executable_path/Frameworks",
				);
				MARKETING_VERSION = 1.0;
				PRODUCT_BUNDLE_IDENTIFIER = com.paridhigoel.wakewell;
				PRODUCT_NAME = "$(TARGET_NAME)";
				STRING_CATALOG_GENERATE_SYMBOLS = YES;
				SWIFT_APPROACHABLE_CONCURRENCY = YES;
				SWIFT_DEFAULT_ACTOR_ISOLATION = MainActor;
				SWIFT_EMIT_LOC_STRINGS = YES;
				SWIFT_UPCOMING_FEATURE_MEMBER_IMPORT_VISIBILITY = YES;
				SWIFT_VERSION = 5.0;
				TARGETED_DEVICE_FAMILY = "1,2";
			};
			name = Release;
		};
		D67C6D892F2CC9F4004ECCDB /* Debug */ = {
			isa = XCBuildConfiguration;
			buildSettings = {
				ALWAYS_SEARCH_USER_PATHS = NO;
				ASSETCATALOG_COMPILER_GENERATE_SWIFT_ASSET_SYMBOL_EXTENSIONS = YES;
				CLANG_ANALYZER_NONNULL = YES;
				CLANG_ANALYZER_NUMBER_OBJECT_CONVERSION = YES_AGGRESSIVE;
				CLANG_CXX_LANGUAGE_STANDARD = "gnu++20";
				CLANG_ENABLE_MODULES = YES;
				CLANG_ENABLE_OBJC_ARC = YES;
				CLANG_ENABLE_OBJC_WEAK = YES;
				CLANG_WARN_BLOCK_CAPTURE_AUTORELEASING = YES;
				CLANG_WARN_BOOL_CONVERSION = YES;
				CLANG_WARN_COMMA = YES;
				CLANG_WARN_CONSTANT_CONVERSION = YES;
				CLANG_WARN_DEPRECATED_OBJC_IMPLEMENTATIONS = YES;
				CLANG_WARN_DIRECT_OBJC_ISA_USAGE = YES_ERROR;
				CLANG_WARN_DOCUMENTATION_COMMENTS = YES;
				CLANG_WARN_EMPTY_BODY = YES;
				CLANG_WARN_ENUM_CONVERSION = YES;
				CLANG_WARN_INFINITE_RECURSION = YES;
				CLANG_WARN_INT_CONVERSION = YES;
				CLANG_WARN_NON_LITERAL_NULL_CONVERSION = YES;
				CLANG_WARN_OBJC_IMPLICIT_RETAIN_SELF = YES;
				CLANG_WARN_OBJC_LITERAL_CONVERSION = YES;
				CLANG_WARN_OBJC_ROOT_CLASS = YES_ERROR;
				CLANG_WARN_QUOTED_INCLUDE_IN_FRAMEWORK_HEADER = YES;
				CLANG_WARN_RANGE_LOOP_ANALYSIS = YES;
				CLANG_WARN_STRICT_PROTOTYPES = YES;
				CLANG_WARN_SUSPICIOUS_MOVE = YES;
				CLANG_WARN_UNGUARDED_AVAILABILITY = YES_AGGRESSIVE;
				CLANG_WARN_UNREACHABLE_CODE = YES;
				CLANG_WARN__DUPLICATE_METHOD_MATCH = YES;
				COPY_PHASE_STRIP = NO;
				DEBUG_INFORMATION_FORMAT = dwarf;
				ENABLE_STRICT_OBJC_MSGSEND = YES;
				ENABLE_TESTABILITY = YES;
				ENABLE_USER_SCRIPT_SANDBOXING = YES;
				GCC_C_LANGUAGE_STANDARD = gnu17;
				GCC_DYNAMIC_NO_PIC = NO;
				GCC_NO_COMMON_BLOCKS = YES;
				GCC_OPTIMIZATION_LEVEL = 0;
				GCC_PREPROCESSOR_DEFINITIONS = (
					"DEBUG=1",
					"$(inherited)",
				);
				GCC_WARN_64_TO_32_BIT_CONVERSION = YES;
				GCC_WARN_ABOUT_RETURN_TYPE = YES_ERROR;
				GCC_WARN_UNDECLARED_SELECTOR = YES;
				GCC_WARN_UNINITIALIZED_AUTOS = YES_AGGRESSIVE;
				GCC_WARN_UNUSED_FUNCTION = YES;
				GCC_WARN_UNUSED_VARIABLE = YES;
				IPHONEOS_DEPLOYMENT_TARGET = 26.2;
				LOCALIZATION_PREFERS_STRING_CATALOGS = YES;
				MTL_ENABLE_DEBUG_INFO = INCLUDE_SOURCE;
				MTL_FAST_MATH = YES;
				ONLY_ACTIVE_ARCH = YES;
				SDKROOT = iphoneos;
				SWIFT_ACTIVE_COMPILATION_CONDITIONS = "DEBUG $(inherited)";
				SWIFT_OPTIMIZATION_LEVEL = "-Onone";
			};
			name = Debug;
		};
		D67C6D8A2F2CC9F4004ECCDB /* Release */ = {
			isa = XCBuildConfiguration;
			buildSettings = {
				ALWAYS_SEARCH_USER_PATHS = NO;
				ASSETCATALOG_COMPILER_GENERATE_SWIFT_ASSET_SYMBOL_EXTENSIONS = YES;
				CLANG_ANALYZER_NONNULL = YES;
				CLANG_ANALYZER_NUMBER_OBJECT_CONVERSION = YES_AGGRESSIVE;
				CLANG_CXX_LANGUAGE_STANDARD = "gnu++20";
				CLANG_ENABLE_MODULES = YES;
				CLANG_ENABLE_OBJC_ARC = YES;
				CLANG_ENABLE_OBJC_WEAK = YES;
				CLANG_WARN_BLOCK_CAPTURE_AUTORELEASING = YES;
				CLANG_WARN_BOOL_CONVERSION = YES;
				CLANG_WARN_COMMA = YES;
				CLANG_WARN_CONSTANT_CONVERSION = YES;
				CLANG_WARN_DEPRECATED_OBJC_IMPLEMENTATIONS = YES;
				CLANG_WARN_DIRECT_OBJC_ISA_USAGE = YES_ERROR;
				CLANG_WARN_DOCUMENTATION_COMMENTS = YES;
				CLANG_WARN_EMPTY_BODY = YES;
				CLANG_WARN_ENUM_CONVERSION = YES;
				CLANG_WARN_INFINITE_RECURSION = YES;
				CLANG_WARN_INT_CONVERSION = YES;
				CLANG_WARN_NON_LITERAL_NULL_CONVERSION = YES;
				CLANG_WARN_OBJC_IMPLICIT_RETAIN_SELF = YES;
				CLANG_WARN_OBJC_LITERAL_CONVERSION = YES;
				CLANG_WARN_OBJC_ROOT_CLASS = YES_ERROR;
				CLANG_WARN_QUOTED_INCLUDE_IN_FRAMEWORK_HEADER = YES;
				CLANG_WARN_RANGE_LOOP_ANALYSIS = YES;
				CLANG_WARN_STRICT_PROTOTYPES = YES;
				CLANG_WARN_SUSPICIOUS_MOVE = YES;
				CLANG_WARN_UNGUARDED_AVAILABILITY = YES_AGGRESSIVE;
				CLANG_WARN_UNREACHABLE_CODE = YES;
				CLANG_WARN__DUPLICATE_METHOD_MATCH = YES;
				COPY_PHASE_STRIP = NO;
				DEBUG_INFORMATION_FORMAT = "dwarf-with-dsym";
				ENABLE_NS_ASSERTIONS = NO;
				ENABLE_STRICT_OBJC_MSGSEND = YES;
				ENABLE_USER_SCRIPT_SANDBOXING = YES;
				GCC_C_LANGUAGE_STANDARD = gnu17;
				GCC_NO_COMMON_BLOCKS = YES;
				GCC_WARN_64_TO_32_BIT_CONVERSION = YES;
				GCC_WARN_ABOUT_RETURN_TYPE = YES_ERROR;
				GCC_WARN_UNDECLARED_SELECTOR = YES;
				GCC_WARN_UNINITIALIZED_AUTOS = YES_AGGRESSIVE;
				GCC_WARN_UNUSED_FUNCTION = YES;
				GCC_WARN_UNUSED_VARIABLE = YES;
				IPHONEOS_DEPLOYMENT_TARGET = 26.2;
				LOCALIZATION_PREFERS_STRING_CATALOGS = YES;
				MTL_ENABLE_DEBUG_INFO = NO;
				MTL_FAST_MATH = YES;
				SDKROOT = iphoneos;
				SWIFT_COMPILATION_MODE = wholemodule;
				VALIDATE_PRODUCT = YES;
			};
			name = Release;
		};
		D6CFDEC72F84D17800F6419E /* Debug */ = {
			isa = XCBuildConfiguration;
			buildSettings = {
				CODE_SIGN_ENTITLEMENTS = WakeWellAlarmUI/WakeWellAlarmUI.entitlements;
				CODE_SIGN_STYLE = Automatic;
				CURRENT_PROJECT_VERSION = 1;
				DEVELOPMENT_TEAM = M9H5XU96C6;
				GENERATE_INFOPLIST_FILE = YES;
				INFOPLIST_FILE = WakeWellAlarmUI/Info.plist;
				INFOPLIST_KEY_CFBundleDisplayName = WakeWellAlarmUI;
				INFOPLIST_KEY_NSHealthClinicalHealthRecordsShareUsageDescription = "To track your previous sleep cycles.";
				INFOPLIST_KEY_NSHumanReadableCopyright = "";
				LD_RUNPATH_SEARCH_PATHS = (
					"$(inherited)",
					"@executable_path/Frameworks",
					"@executable_path/../../Frameworks",
				);
				MARKETING_VERSION = 1.0;
				PRODUCT_BUNDLE_IDENTIFIER = com.paridhigoel.wakewell.WakeWellAlarmUI;
				PRODUCT_NAME = "$(TARGET_NAME)";
				SKIP_INSTALL = YES;
				STRING_CATALOG_GENERATE_SYMBOLS = YES;
				SWIFT_APPROACHABLE_CONCURRENCY = YES;
				SWIFT_EMIT_LOC_STRINGS = YES;
				SWIFT_UPCOMING_FEATURE_MEMBER_IMPORT_VISIBILITY = YES;
				SWIFT_VERSION = 5.0;
				TARGETED_DEVICE_FAMILY = "1,2";
			};
			name = Debug;
		};
		D6CFDEC82F84D17800F6419E /* Release */ = {
			isa = XCBuildConfiguration;
			buildSettings = {
				CODE_SIGN_ENTITLEMENTS = WakeWellAlarmUI/WakeWellAlarmUI.entitlements;
				CODE_SIGN_STYLE = Automatic;
				CURRENT_PROJECT_VERSION = 1;
				DEVELOPMENT_TEAM = M9H5XU96C6;
				GENERATE_INFOPLIST_FILE = YES;
				INFOPLIST_FILE = WakeWellAlarmUI/Info.plist;
				INFOPLIST_KEY_CFBundleDisplayName = WakeWellAlarmUI;
				INFOPLIST_KEY_NSHealthClinicalHealthRecordsShareUsageDescription = "To track your previous sleep cycles.";
				INFOPLIST_KEY_NSHumanReadableCopyright = "";
				LD_RUNPATH_SEARCH_PATHS = (
					"$(inherited)",
					"@executable_path/Frameworks",
					"@executable_path/../../Frameworks",
				);
				MARKETING_VERSION = 1.0;
				PRODUCT_BUNDLE_IDENTIFIER = com.paridhigoel.wakewell.WakeWellAlarmUI;
				PRODUCT_NAME = "$(TARGET_NAME)";
				SKIP_INSTALL = YES;
				STRING_CATALOG_GENERATE_SYMBOLS = YES;
				SWIFT_APPROACHABLE_CONCURRENCY = YES;
				SWIFT_EMIT_LOC_STRINGS = YES;
				SWIFT_UPCOMING_FEATURE_MEMBER_IMPORT_VISIBILITY = YES;
				SWIFT_VERSION = 5.0;
				TARGETED_DEVICE_FAMILY = "1,2";
			};
			name = Release;
		};
/* End XCBuildConfiguration section */

/* Begin XCConfigurationList section */
		D67C6D6E2F2CC9F4004ECCDB /* Build configuration list for PBXProject "WakeWell" */ = {
			isa = XCConfigurationList;
			buildConfigurations = (
				D67C6D892F2CC9F4004ECCDB /* Debug */,
				D67C6D8A2F2CC9F4004ECCDB /* Release */,
			);
			defaultConfigurationIsVisible = 0;
			defaultConfigurationName = Release;
		};
		D67C6D862F2CC9F4004ECCDB /* Build configuration list for PBXNativeTarget "WakeWell" */ = {
			isa = XCConfigurationList;
			buildConfigurations = (
				D67C6D872F2CC9F4004ECCDB /* Debug */,
				D67C6D882F2CC9F4004ECCDB /* Release */,
			);
			defaultConfigurationIsVisible = 0;
			defaultConfigurationName = Release;
		};
		D6CFDEC62F84D17800F6419E /* Build configuration list for PBXNativeTarget "WakeWellAlarmUI" */ = {
			isa = XCConfigurationList;
			buildConfigurations = (
				D6CFDEC72F84D17800F6419E /* Debug */,
				D6CFDEC82F84D17800F6419E /* Release */,
			);
			defaultConfigurationIsVisible = 0;
			defaultConfigurationName = Release;
		};
/* End XCConfigurationList section */

/* Begin XCRemoteSwiftPackageReference section */
		D610DD8D2F3C5D070083F51A /* XCRemoteSwiftPackageReference "Charts" */ = {
			isa = XCRemoteSwiftPackageReference;
			repositoryURL = "https://github.com/ChartsOrg/Charts";
			requirement = {
				kind = upToNextMajorVersion;
				minimumVersion = 5.1.0;
			};
		};
/* End XCRemoteSwiftPackageReference section */

/* Begin XCSwiftPackageProductDependency section */
		D610DD8E2F3C5D070083F51A /* DGCharts */ = {
			isa = XCSwiftPackageProductDependency;
			package = D610DD8D2F3C5D070083F51A /* XCRemoteSwiftPackageReference "Charts" */;
			productName = DGCharts;
		};
/* End XCSwiftPackageProductDependency section */
	};
	rootObject = D67C6D6B2F2CC9F4004ECCDB /* Project object */;
}
